
Microsoft Visual Studio Solution File, Format Version 12.00
# Visual Studio Version 17
VisualStudioVersion = 17.5.33516.290
MinimumVisualStudioVersion = 10.0.40219.1
Project("{9A19103F-16F7-4668-BE54-9A1E7A4F7556}") = "WebAppBanHang", "Web-App Ban Hang\WebAppBanHang.csproj", "{A415C77E-251F-49D8-AA57-3ED3697075F3}"
EndProject
Project("{9A19103F-16F7-4668-BE54-9A1E7A4F7556}") = "WebAppBanHang.Entity", "Entity\WebAppBanHang.Entity.csproj", "{D4D143E1-0530-43A2-8D9D-A680AF844CE5}"
EndProject
Project("{9A19103F-16F7-4668-BE54-9A1E7A4F7556}") = "WebAppBanHang.Presistence", "Presistence\WebAppBanHang.Presistence.csproj", "{3867B641-9CC9-4596-BF7D-8835E462326B}"
EndProject
Project("{9A19103F-16F7-4668-BE54-9A1E7A4F7556}") = "WebAppBanHang.Services", "Services\WebAppBanHang.Services.csproj", "{D15244E1-ACCC-44BD-8463-912C09CA0771}"
EndProject
Global
	GlobalSection(SolutionConfigurationPlatforms) = preSolution
		Debug|Any CPU = Debug|Any CPU
		Release|Any CPU = Release|Any CPU
	EndGlobalSection
	GlobalSection(ProjectConfigurationPlatforms) = postSolution
		{A415C77E-251F-49D8-AA57-3ED3697075F3}.Debug|Any CPU.ActiveCfg = Debug|Any CPU
		{A415C77E-251F-49D8-AA57-3ED3697075F3}.Debug|Any CPU.Build.0 = Debug|Any CPU
		{A415C77E-251F-49D8-AA57-3ED3697075F3}.Release|Any CPU.ActiveCfg = Release|Any CPU
		{A415C77E-251F-49D8-AA57-3ED3697075F3}.Release|Any CPU.Build.0 = Release|Any CPU
		{D4D143E1-0530-43A2-8D9D-A680AF844CE5}.Debug|Any CPU.ActiveCfg = Debug|Any CPU
		{D4D143E1-0530-43A2-8D9D-A680AF844CE5}.Debug|Any CPU.Build.0 = Debug|Any CPU
		{D4D143E1-0530-43A2-8D9D-A680AF844CE5}.Release|Any CPU.ActiveCfg = Release|Any CPU
		{D4D143E1-0530-43A2-8D9D-A680AF844CE5}.Release|Any CPU.Build.0 = Release|Any CPU
		{3867B641-9CC9-4596-BF7D-8835E462326B}.Debug|Any CPU.ActiveCfg = Debug|Any CPU
		{3867B641-9CC9-4596-BF7D-8835E462326B}.Debug|Any CPU.Build.0 = Debug|Any CPU
		{3867B641-9CC9-4596-BF7D-8835E462326B}.Release|Any CPU.ActiveCfg = Release|Any CPU
		{3867B641-9CC9-4596-BF7D-8835E462326B}.Release|Any CPU.Build.0 = Release|Any CPU
		{D15244E1-ACCC-44BD-8463-912C09CA0771}.Debug|Any CPU.ActiveCfg = Debug|Any CPU
		{D15244E1-ACCC-44BD-8463-912C09CA0771}.Debug|Any CPU.Build.0 = Debug|Any CPU
		{D15244E1-ACCC-44BD-8463-912C09CA0771}.Release|Any CPU.ActiveCfg = Release|Any CPU
		{D15244E1-ACCC-44BD-8463-912C09CA0771}.Release|Any CPU.Build.0 = Release|Any CPU
	EndGlobalSection
	GlobalSection(SolutionProperties) = preSolution
		HideSolutionNode = FALSE
	EndGlobalSection
	GlobalSection(ExtensibilityGlobals) = postSolution
		SolutionGuid = {B230CEBE-26EA-41B9-B6D4-283E83842403}
	EndGlobalSection
EndGlobal
